# This file is automatically @generated by Cargo.
# It is not intended for manual editing.
[[package]]
name = "anyhow"
version = "1.0.38"
source = "registry+https://github.com/rust-lang/crates.io-index"
checksum = "afddf7f520a80dbf76e6f50a35bca42a2331ef227a28b3b6dc5c2e2338d114b1"

[[package]]
name = "aoc-2016"
version = "0.1.0"
dependencies = [
 "aoc-2016-01",
 "aoc-2016-common",
]

[[package]]
name = "aoc-2016-01"
version = "0.1.0"
dependencies = [
 "anyhow",
 "aoc-2016-common",
]

[[package]]
name = "aoc-2016-common"
version = "0.1.0"
dependencies = [
 "anyhow",
]
